
Microsoft Visual Studio Solution File, Format Version 12.00
# Visual Studio Version 17
VisualStudioVersion = 17.4.33213.308
MinimumVisualStudioVersion = 10.0.40219.1
Project("{FAE04EC0-301F-11D3-BF4B-00C04F79EFBC}") = "Group Project (Sprint 1)", "Group Project (Sprint 1)\Group Project (Sprint 1).csproj", "{460B510C-0F16-42F2-BA5F-7740BBA4F455}"
EndProject
Global
	GlobalSection(SolutionConfigurationPlatforms) = preSolution
		Debug|Any CPU = Debug|Any CPU
		Release|Any CPU = Release|Any CPU
	EndGlobalSection
	GlobalSection(ProjectConfigurationPlatforms) = postSolution
		{460B510C-0F16-42F2-BA5F-7740BBA4F455}.Debug|Any CPU.ActiveCfg = Debug|Any CPU
		{460B510C-0F16-42F2-BA5F-7740BBA4F455}.Debug|Any CPU.Build.0 = Debug|Any CPU
		{460B510C-0F16-42F2-BA5F-7740BBA4F455}.Release|Any CPU.ActiveCfg = Release|Any CPU
		{460B510C-0F16-42F2-BA5F-7740BBA4F455}.Release|Any CPU.Build.0 = Release|Any CPU
	EndGlobalSection
	GlobalSection(SolutionProperties) = preSolution
		HideSolutionNode = FALSE
	EndGlobalSection
	GlobalSection(ExtensibilityGlobals) = postSolution
		SolutionGuid = {3FDD5CCE-302F-46AE-A3DD-41B7C80FC2EB}
	EndGlobalSection
EndGlobal
